
Microsoft Visual Studio Solution File, Format Version 12.00
# Visual Studio 14
VisualStudioVersion = 14.0.25420.1
MinimumVisualStudioVersion = 10.0.40219.1
Project("{FAE04EC0-301F-11D3-BF4B-00C04F79EFBC}") = "PersonApplication", "PersonApplication\PersonApplication.csproj", "{55359C32-A671-46A6-8C9E-A80C7397CA2F}"
EndProject
Project("{FAE04EC0-301F-11D3-BF4B-00C04F79EFBC}") = "Tehtävä02", "Tehtävä02\Tehtävä02.csproj", "{EC1B8D62-1B67-4BB2-A679-7D47C87963DB}"
EndProject
Global
	GlobalSection(SolutionConfigurationPlatforms) = preSolution
		Debug|Any CPU = Debug|Any CPU
		Release|Any CPU = Release|Any CPU
	EndGlobalSection
	GlobalSection(ProjectConfigurationPlatforms) = postSolution
		{55359C32-A671-46A6-8C9E-A80C7397CA2F}.Debug|Any CPU.ActiveCfg = Debug|Any CPU
		{55359C32-A671-46A6-8C9E-A80C7397CA2F}.Debug|Any CPU.Build.0 = Debug|Any CPU
		{55359C32-A671-46A6-8C9E-A80C7397CA2F}.Release|Any CPU.ActiveCfg = Release|Any CPU
		{55359C32-A671-46A6-8C9E-A80C7397CA2F}.Release|Any CPU.Build.0 = Release|Any CPU
		{EC1B8D62-1B67-4BB2-A679-7D47C87963DB}.Debug|Any CPU.ActiveCfg = Debug|Any CPU
		{EC1B8D62-1B67-4BB2-A679-7D47C87963DB}.Debug|Any CPU.Build.0 = Debug|Any CPU
		{EC1B8D62-1B67-4BB2-A679-7D47C87963DB}.Release|Any CPU.ActiveCfg = Release|Any CPU
		{EC1B8D62-1B67-4BB2-A679-7D47C87963DB}.Release|Any CPU.Build.0 = Release|Any CPU
	EndGlobalSection
	GlobalSection(SolutionProperties) = preSolution
		HideSolutionNode = FALSE
	EndGlobalSection
EndGlobal
